
Microsoft Visual Studio Solution File, Format Version 12.00
# Visual Studio 2012
Project("{FAE04EC0-301F-11D3-BF4B-00C04F79EFBC}") = "Arts.Buzz.Web.Service", "Arts.Buzz.Web.Service\Arts.Buzz.Web.Service.csproj", "{6CB46956-BDEB-4084-AE51-CDEADC09D4C8}"
EndProject
Global
	GlobalSection(SolutionConfigurationPlatforms) = preSolution
		Debug|Any CPU = Debug|Any CPU
		Release|Any CPU = Release|Any CPU
	EndGlobalSection
	GlobalSection(ProjectConfigurationPlatforms) = postSolution
		{6CB46956-BDEB-4084-AE51-CDEADC09D4C8}.Debug|Any CPU.ActiveCfg = Debug|Any CPU
		{6CB46956-BDEB-4084-AE51-CDEADC09D4C8}.Debug|Any CPU.Build.0 = Debug|Any CPU
		{6CB46956-BDEB-4084-AE51-CDEADC09D4C8}.Release|Any CPU.ActiveCfg = Release|Any CPU
		{6CB46956-BDEB-4084-AE51-CDEADC09D4C8}.Release|Any CPU.Build.0 = Release|Any CPU
	EndGlobalSection
	GlobalSection(SolutionProperties) = preSolution
		HideSolutionNode = FALSE
	EndGlobalSection
EndGlobal
